// !$*UTF8*$!
{
	archiveVersion = 1;
	classes = {
	};
	objectVersion = 46;
	objects = {

/* Begin PBXBuildFile section */
		C22AAFB91AEDE7AF003791A9 /* AppDelegate.swift in Sources */ = {isa = PBXBuildFile; fileRef = C22AAFB81AEDE7AF003791A9 /* AppDelegate.swift */; };
		C22AAFBB1AEDE7AF003791A9 /* ViewController.swift in Sources */ = {isa = PBXBuildFile; fileRef = C22AAFBA1AEDE7AF003791A9 /* ViewController.swift */; };
		C22AAFBE1AEDE7AF003791A9 /* Main.storyboard in Resources */ = {isa = PBXBuildFile; fileRef = C22AAFBC1AEDE7AF003791A9 /* Main.storyboard */; };
		C22AAFC01AEDE7AF003791A9 /* Images.xcassets in Resources */ = {isa = PBXBuildFile; fileRef = C22AAFBF1AEDE7AF003791A9 /* Images.xcassets */; };
		C22AAFC31AEDE7AF003791A9 /* LaunchScreen.xib in Resources */ = {isa = PBXBuildFile; fileRef = C22AAFC11AEDE7AF003791A9 /* LaunchScreen.xib */; };
		C22AAFCF1AEDE7AF003791A9 /* testCollabortionTests.swift in Sources */ = {isa = PBXBuildFile; fileRef = C22AAFCE1AEDE7AF003791A9 /* testCollabortionTests.swift */; };
/* End PBXBuildFile section */

/* Begin PBXContainerItemProxy section */
		C22AAFC91AEDE7AF003791A9 /* PBXContainerItemProxy */ = {
			isa = PBXContainerItemProxy;
			containerPortal = C22AAFAB1AEDE7AF003791A9 /* Project object */;
			proxyType = 1;
			remoteGlobalIDString = C22AAFB21AEDE7AF003791A9;
			remoteInfo = testCollabortion;
		};
/* End PBXContainerItemProxy section */

/* Begin PBXFileReference section */
		C22AAFB31AEDE7AF003791A9 /* testCollabortion.app */ = {isa = PBXFileReference; explicitFileType = wrapper.application; includeInIndex = 0; path = testCollabortion.app; sourceTree = BUILT_PRODUCTS_DIR; };
		C22AAFB71AEDE7AF003791A9 /* Info.plist */ = {isa = PBXFileReference; lastKnownFileType = text.plist.xml; path = Info.plist; sourceTree = "<group>"; };
		C22AAFB81AEDE7AF003791A9 /* AppDelegate.swift */ = {isa = PBXFileReference; lastKnownFileType = sourcecode.swift; path = AppDelegate.swift; sourceTree = "<group>"; };
		C22AAFBA1AEDE7AF003791A9 /* ViewController.swift */ = {isa = PBXFileReference; lastKnownFileType = sourcecode.swift; path = ViewController.swift; sourceTree = "<group>"; };
		C22AAFBD1AEDE7AF003791A9 /* Base */ = {isa = PBXFileReference; lastKnownFileType = file.storyboard; name = Base; path = Base.lproj/Main.storyboard; sourceTree = "<group>"; };
		C22AAFBF1AEDE7AF003791A9 /* Images.xcassets */ = {isa = PBXFileReference; lastKnownFileType = folder.assetcatalog; path = Images.xcassets; sourceTree = "<group>"; };
		C22AAFC21AEDE7AF003791A9 /* Base */ = {isa = PBXFileReference; lastKnownFileType = file.xib; name = Base; path = Base.lproj/LaunchScreen.xib; sourceTree = "<group>"; };
		C22AAFC81AEDE7AF003791A9 /* testCollabortionTests.xctest */ = {isa = PBXFileReference; explicitFileType = wrapper.cfbundle; includeInIndex = 0; path = testCollabortionTests.xctest; sourceTree = BUILT_PRODUCTS_DIR; };
		C22AAFCD1AEDE7AF003791A9 /* Info.plist */ = {isa = PBXFileReference; lastKnownFileType = text.plist.xml; path = Info.plist; sourceTree = "<group>"; };
		C22AAFCE1AEDE7AF003791A9 /* testCollabortionTests.swift */ = {isa = PBXFileReference; lastKnownFileType = sourcecode.swift; path = testCollabortionTests.swift; sourceTree = "<group>"; };
/* End PBXFileReference section */

/* Begin PBXFrameworksBuildPhase section */
		C22AAFB01AEDE7AF003791A9 /* Frameworks */ = {
			isa = PBXFrameworksBuildPhase;
			buildActionMask = 2147483647;
			files = (
			);
			runOnlyForDeploymentPostprocessing = 0;
		};
		C22AAFC51AEDE7AF003791A9 /* Frameworks */ = {
			isa = PBXFrameworksBuildPhase;
			buildActionMask = 2147483647;
			files = (
			);
			runOnlyForDeploymentPostprocessing = 0;
		};
/* End PBXFrameworksBuildPhase section */

/* Begin PBXGroup section */
		C22AAFAA1AEDE7AF003791A9 = {
			isa = PBXGroup;
			children = (
				C22AAFB51AEDE7AF003791A9 /* testCollabortion */,
				C22AAFCB1AEDE7AF003791A9 /* testCollabortionTests */,
				C22AAFB41AEDE7AF003791A9 /* Products */,
			);
			sourceTree = "<group>";
		};
		C22AAFB41AEDE7AF003791A9 /* Products */ = {
			isa = PBXGroup;
			children = (
				C22AAFB31AEDE7AF003791A9 /* testCollabortion.app */,
				C22AAFC81AEDE7AF003791A9 /* testCollabortionTests.xctest */,
			);
			name = Products;
			sourceTree = "<group>";
		};
		C22AAFB51AEDE7AF003791A9 /* testCollabortion */ = {
			isa = PBXGroup;
			children = (
				C22AAFB81AEDE7AF003791A9 /* AppDelegate.swift */,
				C22AAFBA1AEDE7AF003791A9 /* ViewController.swift */,
				C22AAFBC1AEDE7AF003791A9 /* Main.storyboard */,
				C22AAFBF1AEDE7AF003791A9 /* Images.xcassets */,
				C22AAFC11AEDE7AF003791A9 /* LaunchScreen.xib */,
				C22AAFB61AEDE7AF003791A9 /* Supporting Files */,
			);
			path = testCollabortion;
			sourceTree = "<group>";
		};
		C22AAFB61AEDE7AF003791A9 /* Supporting Files */ = {
			isa = PBXGroup;
			children = (
				C22AAFB71AEDE7AF003791A9 /* Info.plist */,
			);
			name = "Supporting Files";
			sourceTree = "<group>";
		};
		C22AAFCB1AEDE7AF003791A9 /* testCollabortionTests */ = {
			isa = PBXGroup;
			children = (
				C22AAFCE1AEDE7AF003791A9 /* testCollabortionTests.swift */,
				C22AAFCC1AEDE7AF003791A9 /* Supporting Files */,
			);
			path = testCollabortionTests;
			sourceTree = "<group>";
		};
		C22AAFCC1AEDE7AF003791A9 /* Supporting Files */ = {
			isa = PBXGroup;
			children = (
				C22AAFCD1AEDE7AF003791A9 /* Info.plist */,
			);
			name = "Supporting Files";
			sourceTree = "<group>";
		};
/* End PBXGroup section */

/* Begin PBXNativeTarget section */
		C22AAFB21AEDE7AF003791A9 /* testCollabortion */ = {
			isa = PBXNativeTarget;
			buildConfigurationList = C22AAFD21AEDE7AF003791A9 /* Build configuration list for PBXNativeTarget "testCollabortion" */;
			buildPhases = (
				C22AAFAF1AEDE7AF003791A9 /* Sources */,
				C22AAFB01AEDE7AF003791A9 /* Frameworks */,
				C22AAFB11AEDE7AF003791A9 /* Resources */,
			);
			buildRules = (
			);
			dependencies = (
			);
			name = testCollabortion;
			productName = testCollabortion;
			productReference = C22AAFB31AEDE7AF003791A9 /* testCollabortion.app */;
			productType = "com.apple.product-type.application";
		};
		C22AAFC71AEDE7AF003791A9 /* testCollabortionTests */ = {
			isa = PBXNativeTarget;
			buildConfigurationList = C22AAFD51AEDE7AF003791A9 /* Build configuration list for PBXNativeTarget "testCollabortionTests" */;
			buildPhases = (
				C22AAFC41AEDE7AF003791A9 /* Sources */,
				C22AAFC51AEDE7AF003791A9 /* Frameworks */,
				C22AAFC61AEDE7AF003791A9 /* Resources */,
			);
			buildRules = (
			);
			dependencies = (
				C22AAFCA1AEDE7AF003791A9 /* PBXTargetDependency */,
			);
			name = testCollabortionTests;
			productName = testCollabortionTests;
			productReference = C22AAFC81AEDE7AF003791A9 /* testCollabortionTests.xctest */;
			productType = "com.apple.product-type.bundle.unit-test";
		};
/* End PBXNativeTarget section */

/* Begin PBXProject section */
		C22AAFAB1AEDE7AF003791A9 /* Project object */ = {
			isa = PBXProject;
			attributes = {
				LastUpgradeCheck = 0630;
				ORGANIZATIONNAME = chenzhipeng;
				TargetAttributes = {
					C22AAFB21AEDE7AF003791A9 = {
						CreatedOnToolsVersion = 6.3;
					};
					C22AAFC71AEDE7AF003791A9 = {
						CreatedOnToolsVersion = 6.3;
						TestTargetID = C22AAFB21AEDE7AF003791A9;
					};
				};
			};
			buildConfigurationList = C22AAFAE1AEDE7AF003791A9 /* Build configuration list for PBXProject "testCollabortion" */;
			compatibilityVersion = "Xcode 3.2";
			developmentRegion = English;
			hasScannedForEncodings = 0;
			knownRegions = (
				en,
				Base,
			);
			mainGroup = C22AAFAA1AEDE7AF003791A9;
			productRefGroup = C22AAFB41AEDE7AF003791A9 /* Products */;
			projectDirPath = "";
			projectRoot = "";
			targets = (
				C22AAFB21AEDE7AF003791A9 /* testCollabortion */,
				C22AAFC71AEDE7AF003791A9 /* testCollabortionTests */,
			);
		};
/* End PBXProject section */

/* Begin PBXResourcesBuildPhase section */
		C22AAFB11AEDE7AF003791A9 /* Resources */ = {
			isa = PBXResourcesBuildPhase;
			buildActionMask = 2147483647;
			files = (
				C22AAFBE1AEDE7AF003791A9 /* Main.storyboard in Resources */,
				C22AAFC31AEDE7AF003791A9 /* LaunchScreen.xib in Resources */,
				C22AAFC01AEDE7AF003791A9 /* Images.xcassets in Resources */,
			);
			runOnlyForDeploymentPostprocessing = 0;
		};
		C22AAFC61AEDE7AF003791A9 /* Resources */ = {
			isa = PBXResourcesBuildPhase;
			buildActionMask = 2147483647;
			files = (
			);
			runOnlyForDeploymentPostprocessing = 0;
		};
/* End PBXResourcesBuildPhase section */

/* Begin PBXSourcesBuildPhase section */
		C22AAFAF1AEDE7AF003791A9 /* Sources */ = {
			isa = PBXSourcesBuildPhase;
			buildActionMask = 2147483647;
			files = (
				C22AAFBB1AEDE7AF003791A9 /* ViewController.swift in Sources */,
				C22AAFB91AEDE7AF003791A9 /* AppDelegate.swift in Sources */,
			);
			runOnlyForDeploymentPostprocessing = 0;
		};
		C22AAFC41AEDE7AF003791A9 /* Sources */ = {
			isa = PBXSourcesBuildPhase;
			buildActionMask = 2147483647;
			files = (
				C22AAFCF1AEDE7AF003791A9 /* testCollabortionTests.swift in Sources */,
			);
			runOnlyForDeploymentPostprocessing = 0;
		};
/* End PBXSourcesBuildPhase section */

/* Begin PBXTargetDependency section */
		C22AAFCA1AEDE7AF003791A9 /* PBXTargetDependency */ = {
			isa = PBXTargetDependency;
			target = C22AAFB21AEDE7AF003791A9 /* testCollabortion */;
			targetProxy = C22AAFC91AEDE7AF003791A9 /* PBXContainerItemProxy */;
		};
/* End PBXTargetDependency section */

/* Begin PBXVariantGroup section */
		C22AAFBC1AEDE7AF003791A9 /* Main.storyboard */ = {
			isa = PBXVariantGroup;
			children = (
				C22AAFBD1AEDE7AF003791A9 /* Base */,
			);
			name = Main.storyboard;
			sourceTree = "<group>";
		};
		C22AAFC11AEDE7AF003791A9 /* LaunchScreen.xib */ = {
			isa = PBXVariantGroup;
			children = (
				C22AAFC21AEDE7AF003791A9 /* Base */,
			);
			name = LaunchScreen.xib;
			sourceTree = "<group>";
		};
/* End PBXVariantGroup section */

/* Begin XCBuildConfiguration section */
		C22AAFD01AEDE7AF003791A9 /* Debug */ = {
			isa = XCBuildConfiguration;
			buildSettings = {
				ALWAYS_SEARCH_USER_PATHS = NO;
				CLANG_CXX_LANGUAGE_STANDARD = "gnu++0x";
				CLANG_CXX_LIBRARY = "libc++";
				CLANG_ENABLE_MODULES = YES;
				CLANG_ENABLE_OBJC_ARC = YES;
				CLANG_WARN_BOOL_CONVERSION = YES;
				CLANG_WARN_CONSTANT_CONVERSION = YES;
				CLANG_WARN_DIRECT_OBJC_ISA_USAGE = YES_ERROR;
				CLANG_WARN_EMPTY_BODY = YES;
				CLANG_WARN_ENUM_CONVERSION = YES;
				CLANG_WARN_INT_CONVERSION = YES;
				CLANG_WARN_OBJC_ROOT_CLASS = YES_ERROR;
				CLANG_WARN_UNREACHABLE_CODE = YES;
				CLANG_WARN__DUPLICATE_METHOD_MATCH = YES;
				"CODE_SIGN_IDENTITY[sdk=iphoneos*]" = "iPhone Developer";
				COPY_PHASE_STRIP = NO;
				DEBUG_INFORMATION_FORMAT = "dwarf-with-dsym";
				ENABLE_STRICT_OBJC_MSGSEND = YES;
				GCC_C_LANGUAGE_STANDARD = gnu99;
				GCC_DYNAMIC_NO_PIC = NO;
				GCC_NO_COMMON_BLOCKS = YES;
				GCC_OPTIMIZATION_LEVEL = 0;
				GCC_PREPROCESSOR_DEFINITIONS = (
					"DEBUG=1",
					"$(inherited)",
				);
				GCC_SYMBOLS_PRIVATE_EXTERN = NO;
				GCC_WARN_64_TO_32_BIT_CONVERSION = YES;
				GCC_WARN_ABOUT_RETURN_TYPE = YES_ERROR;
				GCC_WARN_UNDECLARED_SELECTOR = YES;
				GCC_WARN_UNINITIALIZED_AUTOS = YES_AGGRESSIVE;
				GCC_WARN_UNUSED_FUNCTION = YES;
				GCC_WARN_UNUSED_VARIABLE = YES;
				IPHONEOS_DEPLOYMENT_TARGET = 8.3;
				MTL_ENABLE_DEBUG_INFO = YES;
				ONLY_ACTIVE_ARCH = YES;
				SDKROOT = iphoneos;
				SWIFT_OPTIMIZATION_LEVEL = "-Onone";
			};
			name = Debug;
		};
		C22AAFD11AEDE7AF003791A9 /* Release */ = {
			isa = XCBuildConfiguration;
			buildSettings = {
				ALWAYS_SEARCH_USER_PATHS = NO;
				CLANG_CXX_LANGUAGE_STANDARD = "gnu++0x";
				CLANG_CXX_LIBRARY = "libc++";
				CLANG_ENABLE_MODULES = YES;
				CLANG_ENABLE_OBJC_ARC = YES;
				CLANG_WARN_BOOL_CONVERSION = YES;
				CLANG_WARN_CONSTANT_CONVERSION = YES;
				CLANG_WARN_DIRECT_OBJC_ISA_USAGE = YES_ERROR;
				CLANG_WARN_EMPTY_BODY = YES;
				CLANG_WARN_ENUM_CONVERSION = YES;
				CLANG_WARN_INT_CONVERSION = YES;
				CLANG_WARN_OBJC_ROOT_CLASS = YES_ERROR;
				CLANG_WARN_UNREACHABLE_CODE = YES;
				CLANG_WARN__DUPLICATE_METHOD_MATCH = YES;
				"CODE_SIGN_IDENTITY[sdk=iphoneos*]" = "iPhone Developer";
				COPY_PHASE_STRIP = NO;
				DEBUG_INFORMATION_FORMAT = "dwarf-with-dsym";
				ENABLE_NS_ASSERTIONS = NO;
				ENABLE_STRICT_OBJC_MSGSEND = YES;
				GCC_C_LANGUAGE_STANDARD = gnu99;
				GCC_NO_COMMON_BLOCKS = YES;
				GCC_WARN_64_TO_32_BIT_CONVERSION = YES;
				GCC_WARN_ABOUT_RETURN_TYPE = YES_ERROR;
				GCC_WARN_UNDECLARED_SELECTOR = YES;
				GCC_WARN_UNINITIALIZED_AUTOS = YES_AGGRESSIVE;
				GCC_WARN_UNUSED_FUNCTION = YES;
				GCC_WARN_UNUSED_VARIABLE = YES;
				IPHONEOS_DEPLOYMENT_TARGET = 8.3;
				MTL_ENABLE_DEBUG_INFO = NO;
				SDKROOT = iphoneos;
				VALIDATE_PRODUCT = YES;
			};
			name = Release;
		};
		C22AAFD31AEDE7AF003791A9 /* Debug */ = {
			isa = XCBuildConfiguration;
			buildSettings = {
				ASSETCATALOG_COMPILER_APPICON_NAME = AppIcon;
				INFOPLIST_FILE = testCollabortion/Info.plist;
				LD_RUNPATH_SEARCH_PATHS = "$(inherited) @executable_path/Frameworks";
				PRODUCT_NAME = "$(TARGET_NAME)";
			};
			name = Debug;
		};
		C22AAFD41AEDE7AF003791A9 /* Release */ = {
			isa = XCBuildConfiguration;
			buildSettings = {
				ASSETCATALOG_COMPILER_APPICON_NAME = AppIcon;
				INFOPLIST_FILE = testCollabortion/Info.plist;
				LD_RUNPATH_SEARCH_PATHS = "$(inherited) @executable_path/Frameworks";
				PRODUCT_NAME = "$(TARGET_NAME)";
			};
			name = Release;
		};
		C22AAFD61AEDE7AF003791A9 /* Debug */ = {
			isa = XCBuildConfiguration;
			buildSettings = {
				BUNDLE_LOADER = "$(TEST_HOST)";
				FRAMEWORK_SEARCH_PATHS = (
					"$(SDKROOT)/Developer/Library/Frameworks",
					"$(inherited)",
				);
				GCC_PREPROCESSOR_DEFINITIONS = (
					"DEBUG=1",
					"$(inherited)",
				);
				INFOPLIST_FILE = testCollabortionTests/Info.plist;
				LD_RUNPATH_SEARCH_PATHS = "$(inherited) @executable_path/Frameworks @loader_path/Frameworks";
				PRODUCT_NAME = "$(TARGET_NAME)";
				TEST_HOST = "$(BUILT_PRODUCTS_DIR)/testCollabortion.app/testCollabortion";
			};
			name = Debug;
		};
		C22AAFD71AEDE7AF003791A9 /* Release */ = {
			isa = XCBuildConfiguration;
			buildSettings = {
				BUNDLE_LOADER = "$(TEST_HOST)";
				FRAMEWORK_SEARCH_PATHS = (
					"$(SDKROOT)/Developer/Library/Frameworks",
					"$(inherited)",
				);
				INFOPLIST_FILE = testCollabortionTests/Info.plist;
				LD_RUNPATH_SEARCH_PATHS = "$(inherited) @executable_path/Frameworks @loader_path/Frameworks";
				PRODUCT_NAME = "$(TARGET_NAME)";
				TEST_HOST = "$(BUILT_PRODUCTS_DIR)/testCollabortion.app/testCollabortion";
			};
			name = Release;
		};
/* End XCBuildConfiguration section */

/* Begin XCConfigurationList section */
		C22AAFAE1AEDE7AF003791A9 /* Build configuration list for PBXProject "testCollabortion" */ = {
			isa = XCConfigurationList;
			buildConfigurations = (
				C22AAFD01AEDE7AF003791A9 /* Debug */,
				C22AAFD11AEDE7AF003791A9 /* Release */,
			);
			defaultConfigurationIsVisible = 0;
			defaultConfigurationName = Release;
		};
		C22AAFD21AEDE7AF003791A9 /* Build configuration list for PBXNativeTarget "testCollabortion" */ = {
			isa = XCConfigurationList;
			buildConfigurations = (
				C22AAFD31AEDE7AF003791A9 /* Debug */,
				C22AAFD41AEDE7AF003791A9 /* Release */,
			);
			defaultConfigurationIsVisible = 0;
		};
		C22AAFD51AEDE7AF003791A9 /* Build configuration list for PBXNativeTarget "testCollabortionTests" */ = {
			isa = XCConfigurationList;
			buildConfigurations = (
				C22AAFD61AEDE7AF003791A9 /* Debug */,
				C22AAFD71AEDE7AF003791A9 /* Release */,
			);
			defaultConfigurationIsVisible = 0;
		};
/* End XCConfigurationList section */
	};
	rootObject = C22AAFAB1AEDE7AF003791A9 /* Project object */;
}
